go.arcalot.io/assert v1.3.0 h1:+uQex4s9gezATpTyFxUY5dlAcrwI1Me5fSmdcydGHho=
go.arcalot.io/assert v1.3.0/go.mod h1:Xy3ScX0p9IMY89gdsgexOKxnmDr0nGHG9dV7p8Uxg7w=
go.flow.arcalot.io/pluginsdk v0.1.1-0.20230317070134-462e49b0ffd0 h1:C4qczXIZrHfQ7LECIMze0SXuhKbcyswlxVUzRQWh8JM=
go.flow.arcalot.io/pluginsdk v0.1.1-0.20230317070134-462e49b0ffd0/go.mod h1:ceY4HhUbnhZyQa3C7lXu25TNVCbsWGuYZapsV5RuIrk=
go.flow.arcalot.io/pluginsdk v0.1.1 h1:dFyjaNEW/tuosHpYCb9BJLWIm5ohvXmtv6GqJn8yekE=
go.flow.arcalot.io/pluginsdk v0.1.1/go.mod h1:ceY4HhUbnhZyQa3C7lXu25TNVCbsWGuYZapsV5RuIrk=
